
Microsoft Visual Studio Solution File, Format Version 12.00
# Visual Studio Version 16
VisualStudioVersion = 16.0.31005.135
MinimumVisualStudioVersion = 10.0.40219.1
Project("{FAE04EC0-301F-11D3-BF4B-00C04F79EFBC}") = "salesNowBackend", "salesNowBackend.csproj", "{C92ECCE4-BFE4-464E-8972-63B62C122575}"
EndProject
Global
	GlobalSection(SolutionConfigurationPlatforms) = preSolution
		Debug|Any CPU = Debug|Any CPU
		Release|Any CPU = Release|Any CPU
	EndGlobalSection
	GlobalSection(ProjectConfigurationPlatforms) = postSolution
		{C92ECCE4-BFE4-464E-8972-63B62C122575}.Debug|Any CPU.ActiveCfg = Debug|Any CPU
		{C92ECCE4-BFE4-464E-8972-63B62C122575}.Debug|Any CPU.Build.0 = Debug|Any CPU
		{C92ECCE4-BFE4-464E-8972-63B62C122575}.Release|Any CPU.ActiveCfg = Release|Any CPU
		{C92ECCE4-BFE4-464E-8972-63B62C122575}.Release|Any CPU.Build.0 = Release|Any CPU
	EndGlobalSection
	GlobalSection(SolutionProperties) = preSolution
		HideSolutionNode = FALSE
	EndGlobalSection
	GlobalSection(ExtensibilityGlobals) = postSolution
		SolutionGuid = {7DA6A80B-2613-4D60-B74D-D6EE80E3D09C}
	EndGlobalSection
EndGlobal
